
Microsoft Visual Studio Solution File, Format Version 11.00
# Visual Studio 2010
Project("{FAE04EC0-301F-11D3-BF4B-00C04F79EFBC}") = "AR_realCloudBundle", "Assembly-CSharp.csproj", "{D89BA131-D028-E619-797E-F1F016C0973E}"
EndProject
Project("{FAE04EC0-301F-11D3-BF4B-00C04F79EFBC}") = "AR_realCloudBundle", "Assembly-CSharp-Editor.csproj", "{8A3785FB-36A0-342B-1376-08D89B15204B}"
EndProject
Global
	GlobalSection(SolutionConfigurationPlatforms) = preSolution
		Debug|Any CPU = Debug|Any CPU
		Release|Any CPU = Release|Any CPU
	EndGlobalSection
	GlobalSection(ProjectConfigurationPlatforms) = postSolution
		{D89BA131-D028-E619-797E-F1F016C0973E}.Debug|Any CPU.ActiveCfg = Debug|Any CPU
		{D89BA131-D028-E619-797E-F1F016C0973E}.Debug|Any CPU.Build.0 = Debug|Any CPU
		{D89BA131-D028-E619-797E-F1F016C0973E}.Release|Any CPU.ActiveCfg = Release|Any CPU
		{D89BA131-D028-E619-797E-F1F016C0973E}.Release|Any CPU.Build.0 = Release|Any CPU
		{8A3785FB-36A0-342B-1376-08D89B15204B}.Debug|Any CPU.ActiveCfg = Debug|Any CPU
		{8A3785FB-36A0-342B-1376-08D89B15204B}.Debug|Any CPU.Build.0 = Debug|Any CPU
		{8A3785FB-36A0-342B-1376-08D89B15204B}.Release|Any CPU.ActiveCfg = Release|Any CPU
		{8A3785FB-36A0-342B-1376-08D89B15204B}.Release|Any CPU.Build.0 = Release|Any CPU
	EndGlobalSection
	GlobalSection(SolutionProperties) = preSolution
		HideSolutionNode = FALSE
	EndGlobalSection
	GlobalSection(MonoDevelopProperties) = preSolution
		StartupItem = Assembly-CSharp.csproj
	EndGlobalSection
EndGlobal
